
Microsoft Visual Studio Solution File, Format Version 12.00
# Visual Studio Version 16
VisualStudioVersion = 16.0.30320.27
MinimumVisualStudioVersion = 10.0.40219.1
Project("{FAE04EC0-301F-11D3-BF4B-00C04F79EFBC}") = "Teacher", "Teacher\Teacher.csproj", "{222F4C2E-5EE9-4ACD-9636-276C868DA917}"
EndProject
Global
	GlobalSection(SolutionConfigurationPlatforms) = preSolution
		Debug|Any CPU = Debug|Any CPU
		Release|Any CPU = Release|Any CPU
	EndGlobalSection
	GlobalSection(ProjectConfigurationPlatforms) = postSolution
		{222F4C2E-5EE9-4ACD-9636-276C868DA917}.Debug|Any CPU.ActiveCfg = Debug|Any CPU
		{222F4C2E-5EE9-4ACD-9636-276C868DA917}.Debug|Any CPU.Build.0 = Debug|Any CPU
		{222F4C2E-5EE9-4ACD-9636-276C868DA917}.Release|Any CPU.ActiveCfg = Release|Any CPU
		{222F4C2E-5EE9-4ACD-9636-276C868DA917}.Release|Any CPU.Build.0 = Release|Any CPU
	EndGlobalSection
	GlobalSection(SolutionProperties) = preSolution
		HideSolutionNode = FALSE
	EndGlobalSection
	GlobalSection(ExtensibilityGlobals) = postSolution
		SolutionGuid = {E3914522-2062-40EB-AACB-F0CF1E607974}
	EndGlobalSection
EndGlobal
